{
  "version": "4",
  "specifiers": {
    "npm:preact@^10.26.2": "10.26.2"
  },
  "npm": {
    "preact@10.26.2": {
      "integrity": "sha512-0gNmv4qpS9HaN3+40CLBAnKe0ZfyE4ZWo5xKlC1rVrr0ckkEvJvAQqKaHANdFKsGstoxrY4AItZ7kZSGVoVjgg=="
    }
  },
  "workspace": {
    "packageJson": {
      "dependencies": [
        "npm:preact@^10.26.2"
      ]
    }
  }
}
